// !$*UTF8*$!
{
	archiveVersion = 1;
	classes = {
	};
	objectVersion = 46;
	objects = {

/* Begin PBXBuildFile section */
		1AA050EC7E0F9179CBAD58AE /* libPods.a in Frameworks */ = {isa = PBXBuildFile; fileRef = 6289704E1A45A69C657DD113 /* libPods.a */; };
		B124A3441B3B5054007F1F85 /* YelpClient.m in Sources */ = {isa = PBXBuildFile; fileRef = B124A3431B3B5054007F1F85 /* YelpClient.m */; };
		B1E2576F1B3B484A00CAD82F /* main.m in Sources */ = {isa = PBXBuildFile; fileRef = B1E2576E1B3B484A00CAD82F /* main.m */; };
		B1E257721B3B484A00CAD82F /* AppDelegate.m in Sources */ = {isa = PBXBuildFile; fileRef = B1E257711B3B484A00CAD82F /* AppDelegate.m */; };
		B1E257751B3B484A00CAD82F /* ViewController.m in Sources */ = {isa = PBXBuildFile; fileRef = B1E257741B3B484A00CAD82F /* ViewController.m */; };
		B1E257781B3B484A00CAD82F /* Main.storyboard in Resources */ = {isa = PBXBuildFile; fileRef = B1E257761B3B484A00CAD82F /* Main.storyboard */; };
		B1E2577A1B3B484A00CAD82F /* Images.xcassets in Resources */ = {isa = PBXBuildFile; fileRef = B1E257791B3B484A00CAD82F /* Images.xcassets */; };
		B1E2577D1B3B484A00CAD82F /* LaunchScreen.xib in Resources */ = {isa = PBXBuildFile; fileRef = B1E2577B1B3B484A00CAD82F /* LaunchScreen.xib */; };
		B1E257891B3B484A00CAD82F /* YelpTests.m in Sources */ = {isa = PBXBuildFile; fileRef = B1E257881B3B484A00CAD82F /* YelpTests.m */; };
/* End PBXBuildFile section */

/* Begin PBXContainerItemProxy section */
		B1E257831B3B484A00CAD82F /* PBXContainerItemProxy */ = {
			isa = PBXContainerItemProxy;
			containerPortal = B1E257611B3B484900CAD82F /* Project object */;
			proxyType = 1;
			remoteGlobalIDString = B1E257681B3B484900CAD82F;
			remoteInfo = Yelp;
		};
/* End PBXContainerItemProxy section */

/* Begin PBXFileReference section */
		336E40EDE11689C055E90714 /* Pods.release.xcconfig */ = {isa = PBXFileReference; includeInIndex = 1; lastKnownFileType = text.xcconfig; name = Pods.release.xcconfig; path = "Pods/Target Support Files/Pods/Pods.release.xcconfig"; sourceTree = "<group>"; };
		6289704E1A45A69C657DD113 /* libPods.a */ = {isa = PBXFileReference; explicitFileType = archive.ar; includeInIndex = 0; path = libPods.a; sourceTree = BUILT_PRODUCTS_DIR; };
		740748E235B1B0863268F85F /* Pods.debug.xcconfig */ = {isa = PBXFileReference; includeInIndex = 1; lastKnownFileType = text.xcconfig; name = Pods.debug.xcconfig; path = "Pods/Target Support Files/Pods/Pods.debug.xcconfig"; sourceTree = "<group>"; };
		B124A3421B3B5054007F1F85 /* YelpClient.h */ = {isa = PBXFileReference; fileEncoding = 4; lastKnownFileType = sourcecode.c.h; path = YelpClient.h; sourceTree = "<group>"; };
		B124A3431B3B5054007F1F85 /* YelpClient.m */ = {isa = PBXFileReference; fileEncoding = 4; lastKnownFileType = sourcecode.c.objc; path = YelpClient.m; sourceTree = "<group>"; };
		B1E257691B3B484A00CAD82F /* Yelp.app */ = {isa = PBXFileReference; explicitFileType = wrapper.application; includeInIndex = 0; path = Yelp.app; sourceTree = BUILT_PRODUCTS_DIR; };
		B1E2576D1B3B484A00CAD82F /* Info.plist */ = {isa = PBXFileReference; lastKnownFileType = text.plist.xml; path = Info.plist; sourceTree = "<group>"; };
		B1E2576E1B3B484A00CAD82F /* main.m */ = {isa = PBXFileReference; lastKnownFileType = sourcecode.c.objc; path = main.m; sourceTree = "<group>"; };
		B1E257701B3B484A00CAD82F /* AppDelegate.h */ = {isa = PBXFileReference; lastKnownFileType = sourcecode.c.h; path = AppDelegate.h; sourceTree = "<group>"; };
		B1E257711B3B484A00CAD82F /* AppDelegate.m */ = {isa = PBXFileReference; lastKnownFileType = sourcecode.c.objc; path = AppDelegate.m; sourceTree = "<group>"; };
		B1E257731B3B484A00CAD82F /* ViewController.h */ = {isa = PBXFileReference; lastKnownFileType = sourcecode.c.h; path = ViewController.h; sourceTree = "<group>"; };
		B1E257741B3B484A00CAD82F /* ViewController.m */ = {isa = PBXFileReference; lastKnownFileType = sourcecode.c.objc; path = ViewController.m; sourceTree = "<group>"; };
		B1E257771B3B484A00CAD82F /* Base */ = {isa = PBXFileReference; lastKnownFileType = file.storyboard; name = Base; path = Base.lproj/Main.storyboard; sourceTree = "<group>"; };
		B1E257791B3B484A00CAD82F /* Images.xcassets */ = {isa = PBXFileReference; lastKnownFileType = folder.assetcatalog; path = Images.xcassets; sourceTree = "<group>"; };
		B1E2577C1B3B484A00CAD82F /* Base */ = {isa = PBXFileReference; lastKnownFileType = file.xib; name = Base; path = Base.lproj/LaunchScreen.xib; sourceTree = "<group>"; };
		B1E257821B3B484A00CAD82F /* YelpTests.xctest */ = {isa = PBXFileReference; explicitFileType = wrapper.cfbundle; includeInIndex = 0; path = YelpTests.xctest; sourceTree = BUILT_PRODUCTS_DIR; };
		B1E257871B3B484A00CAD82F /* Info.plist */ = {isa = PBXFileReference; lastKnownFileType = text.plist.xml; path = Info.plist; sourceTree = "<group>"; };
		B1E257881B3B484A00CAD82F /* YelpTests.m */ = {isa = PBXFileReference; lastKnownFileType = sourcecode.c.objc; path = YelpTests.m; sourceTree = "<group>"; };
/* End PBXFileReference section */

/* Begin PBXFrameworksBuildPhase section */
		B1E257661B3B484900CAD82F /* Frameworks */ = {
			isa = PBXFrameworksBuildPhase;
			buildActionMask = 2147483647;
			files = (
				1AA050EC7E0F9179CBAD58AE /* libPods.a in Frameworks */,
			);
			runOnlyForDeploymentPostprocessing = 0;
		};
		B1E2577F1B3B484A00CAD82F /* Frameworks */ = {
			isa = PBXFrameworksBuildPhase;
			buildActionMask = 2147483647;
			files = (
			);
			runOnlyForDeploymentPostprocessing = 0;
		};
/* End PBXFrameworksBuildPhase section */

/* Begin PBXGroup section */
		9BC02AEAAD4D8164D02AE238 /* Pods */ = {
			isa = PBXGroup;
			children = (
				740748E235B1B0863268F85F /* Pods.debug.xcconfig */,
				336E40EDE11689C055E90714 /* Pods.release.xcconfig */,
			);
			name = Pods;
			sourceTree = "<group>";
		};
		B1E257601B3B484900CAD82F = {
			isa = PBXGroup;
			children = (
				B124A3421B3B5054007F1F85 /* YelpClient.h */,
				B124A3431B3B5054007F1F85 /* YelpClient.m */,
				B1E2576B1B3B484A00CAD82F /* Yelp */,
				B1E257851B3B484A00CAD82F /* YelpTests */,
				B1E2576A1B3B484A00CAD82F /* Products */,
				9BC02AEAAD4D8164D02AE238 /* Pods */,
				DBB7A06356412129278D8378 /* Frameworks */,
			);
			sourceTree = "<group>";
		};
		B1E2576A1B3B484A00CAD82F /* Products */ = {
			isa = PBXGroup;
			children = (
				B1E257691B3B484A00CAD82F /* Yelp.app */,
				B1E257821B3B484A00CAD82F /* YelpTests.xctest */,
			);
			name = Products;
			sourceTree = "<group>";
		};
		B1E2576B1B3B484A00CAD82F /* Yelp */ = {
			isa = PBXGroup;
			children = (
				B1E257701B3B484A00CAD82F /* AppDelegate.h */,
				B1E257711B3B484A00CAD82F /* AppDelegate.m */,
				B1E257731B3B484A00CAD82F /* ViewController.h */,
				B1E257741B3B484A00CAD82F /* ViewController.m */,
				B1E257761B3B484A00CAD82F /* Main.storyboard */,
				B1E257791B3B484A00CAD82F /* Images.xcassets */,
				B1E2577B1B3B484A00CAD82F /* LaunchScreen.xib */,
				B1E2576C1B3B484A00CAD82F /* Supporting Files */,
			);
			path = Yelp;
			sourceTree = "<group>";
		};
		B1E2576C1B3B484A00CAD82F /* Supporting Files */ = {
			isa = PBXGroup;
			children = (
				B1E2576D1B3B484A00CAD82F /* Info.plist */,
				B1E2576E1B3B484A00CAD82F /* main.m */,
			);
			name = "Supporting Files";
			sourceTree = "<group>";
		};
		B1E257851B3B484A00CAD82F /* YelpTests */ = {
			isa = PBXGroup;
			children = (
				B1E257881B3B484A00CAD82F /* YelpTests.m */,
				B1E257861B3B484A00CAD82F /* Supporting Files */,
			);
			path = YelpTests;
			sourceTree = "<group>";
		};
		B1E257861B3B484A00CAD82F /* Supporting Files */ = {
			isa = PBXGroup;
			children = (
				B1E257871B3B484A00CAD82F /* Info.plist */,
			);
			name = "Supporting Files";
			sourceTree = "<group>";
		};
		DBB7A06356412129278D8378 /* Frameworks */ = {
			isa = PBXGroup;
			children = (
				6289704E1A45A69C657DD113 /* libPods.a */,
			);
			name = Frameworks;
			sourceTree = "<group>";
		};
/* End PBXGroup section */

/* Begin PBXNativeTarget section */
		B1E257681B3B484900CAD82F /* Yelp */ = {
			isa = PBXNativeTarget;
			buildConfigurationList = B1E2578C1B3B484A00CAD82F /* Build configuration list for PBXNativeTarget "Yelp" */;
			buildPhases = (
				367A0E2DFB9E97E12E6DA688 /* Check Pods Manifest.lock */,
				B1E257651B3B484900CAD82F /* Sources */,
				B1E257661B3B484900CAD82F /* Frameworks */,
				B1E257671B3B484900CAD82F /* Resources */,
				ED6A2CE4F4629EB62278894A /* Copy Pods Resources */,
			);
			buildRules = (
			);
			dependencies = (
			);
			name = Yelp;
			productName = Yelp;
			productReference = B1E257691B3B484A00CAD82F /* Yelp.app */;
			productType = "com.apple.product-type.application";
		};
		B1E257811B3B484A00CAD82F /* YelpTests */ = {
			isa = PBXNativeTarget;
			buildConfigurationList = B1E2578F1B3B484A00CAD82F /* Build configuration list for PBXNativeTarget "YelpTests" */;
			buildPhases = (
				B1E2577E1B3B484A00CAD82F /* Sources */,
				B1E2577F1B3B484A00CAD82F /* Frameworks */,
				B1E257801B3B484A00CAD82F /* Resources */,
			);
			buildRules = (
			);
			dependencies = (
				B1E257841B3B484A00CAD82F /* PBXTargetDependency */,
			);
			name = YelpTests;
			productName = YelpTests;
			productReference = B1E257821B3B484A00CAD82F /* YelpTests.xctest */;
			productType = "com.apple.product-type.bundle.unit-test";
		};
/* End PBXNativeTarget section */

/* Begin PBXProject section */
		B1E257611B3B484900CAD82F /* Project object */ = {
			isa = PBXProject;
			attributes = {
				LastUpgradeCheck = 0630;
				ORGANIZATIONNAME = "Curtis Kang";
				TargetAttributes = {
					B1E257681B3B484900CAD82F = {
						CreatedOnToolsVersion = 6.3.2;
					};
					B1E257811B3B484A00CAD82F = {
						CreatedOnToolsVersion = 6.3.2;
						TestTargetID = B1E257681B3B484900CAD82F;
					};
				};
			};
			buildConfigurationList = B1E257641B3B484900CAD82F /* Build configuration list for PBXProject "Yelp" */;
			compatibilityVersion = "Xcode 3.2";
			developmentRegion = English;
			hasScannedForEncodings = 0;
			knownRegions = (
				en,
				Base,
			);
			mainGroup = B1E257601B3B484900CAD82F;
			productRefGroup = B1E2576A1B3B484A00CAD82F /* Products */;
			projectDirPath = "";
			projectRoot = "";
			targets = (
				B1E257681B3B484900CAD82F /* Yelp */,
				B1E257811B3B484A00CAD82F /* YelpTests */,
			);
		};
/* End PBXProject section */

/* Begin PBXResourcesBuildPhase section */
		B1E257671B3B484900CAD82F /* Resources */ = {
			isa = PBXResourcesBuildPhase;
			buildActionMask = 2147483647;
			files = (
				B1E257781B3B484A00CAD82F /* Main.storyboard in Resources */,
				B1E2577D1B3B484A00CAD82F /* LaunchScreen.xib in Resources */,
				B1E2577A1B3B484A00CAD82F /* Images.xcassets in Resources */,
			);
			runOnlyForDeploymentPostprocessing = 0;
		};
		B1E257801B3B484A00CAD82F /* Resources */ = {
			isa = PBXResourcesBuildPhase;
			buildActionMask = 2147483647;
			files = (
			);
			runOnlyForDeploymentPostprocessing = 0;
		};
/* End PBXResourcesBuildPhase section */

/* Begin PBXShellScriptBuildPhase section */
		367A0E2DFB9E97E12E6DA688 /* Check Pods Manifest.lock */ = {
			isa = PBXShellScriptBuildPhase;
			buildActionMask = 2147483647;
			files = (
			);
			inputPaths = (
			);
			name = "Check Pods Manifest.lock";
			outputPaths = (
			);
			runOnlyForDeploymentPostprocessing = 0;
			shellPath = /bin/sh;
			shellScript = "diff \"${PODS_ROOT}/../Podfile.lock\" \"${PODS_ROOT}/Manifest.lock\" > /dev/null\nif [[ $? != 0 ]] ; then\n    cat << EOM\nerror: The sandbox is not in sync with the Podfile.lock. Run 'pod install' or update your CocoaPods installation.\nEOM\n    exit 1\nfi\n";
			showEnvVarsInLog = 0;
		};
		ED6A2CE4F4629EB62278894A /* Copy Pods Resources */ = {
			isa = PBXShellScriptBuildPhase;
			buildActionMask = 2147483647;
			files = (
			);
			inputPaths = (
			);
			name = "Copy Pods Resources";
			outputPaths = (
			);
			runOnlyForDeploymentPostprocessing = 0;
			shellPath = /bin/sh;
			shellScript = "\"${SRCROOT}/Pods/Target Support Files/Pods/Pods-resources.sh\"\n";
			showEnvVarsInLog = 0;
		};
/* End PBXShellScriptBuildPhase section */

/* Begin PBXSourcesBuildPhase section */
		B1E257651B3B484900CAD82F /* Sources */ = {
			isa = PBXSourcesBuildPhase;
			buildActionMask = 2147483647;
			files = (
				B124A3441B3B5054007F1F85 /* YelpClient.m in Sources */,
				B1E257751B3B484A00CAD82F /* ViewController.m in Sources */,
				B1E257721B3B484A00CAD82F /* AppDelegate.m in Sources */,
				B1E2576F1B3B484A00CAD82F /* main.m in Sources */,
			);
			runOnlyForDeploymentPostprocessing = 0;
		};
		B1E2577E1B3B484A00CAD82F /* Sources */ = {
			isa = PBXSourcesBuildPhase;
			buildActionMask = 2147483647;
			files = (
				B1E257891B3B484A00CAD82F /* YelpTests.m in Sources */,
			);
			runOnlyForDeploymentPostprocessing = 0;
		};
/* End PBXSourcesBuildPhase section */

/* Begin PBXTargetDependency section */
		B1E257841B3B484A00CAD82F /* PBXTargetDependency */ = {
			isa = PBXTargetDependency;
			target = B1E257681B3B484900CAD82F /* Yelp */;
			targetProxy = B1E257831B3B484A00CAD82F /* PBXContainerItemProxy */;
		};
/* End PBXTargetDependency section */

/* Begin PBXVariantGroup section */
		B1E257761B3B484A00CAD82F /* Main.storyboard */ = {
			isa = PBXVariantGroup;
			children = (
				B1E257771B3B484A00CAD82F /* Base */,
			);
			name = Main.storyboard;
			sourceTree = "<group>";
		};
		B1E2577B1B3B484A00CAD82F /* LaunchScreen.xib */ = {
			isa = PBXVariantGroup;
			children = (
				B1E2577C1B3B484A00CAD82F /* Base */,
			);
			name = LaunchScreen.xib;
			sourceTree = "<group>";
		};
/* End PBXVariantGroup section */

/* Begin XCBuildConfiguration section */
		B1E2578A1B3B484A00CAD82F /* Debug */ = {
			isa = XCBuildConfiguration;
			buildSettings = {
				ALWAYS_SEARCH_USER_PATHS = NO;
				CLANG_CXX_LANGUAGE_STANDARD = "gnu++0x";
				CLANG_CXX_LIBRARY = "libc++";
				CLANG_ENABLE_MODULES = YES;
				CLANG_ENABLE_OBJC_ARC = YES;
				CLANG_WARN_BOOL_CONVERSION = YES;
				CLANG_WARN_CONSTANT_CONVERSION = YES;
				CLANG_WARN_DIRECT_OBJC_ISA_USAGE = YES_ERROR;
				CLANG_WARN_EMPTY_BODY = YES;
				CLANG_WARN_ENUM_CONVERSION = YES;
				CLANG_WARN_INT_CONVERSION = YES;
				CLANG_WARN_OBJC_ROOT_CLASS = YES_ERROR;
				CLANG_WARN_UNREACHABLE_CODE = YES;
				CLANG_WARN__DUPLICATE_METHOD_MATCH = YES;
				"CODE_SIGN_IDENTITY[sdk=iphoneos*]" = "iPhone Developer";
				COPY_PHASE_STRIP = NO;
				DEBUG_INFORMATION_FORMAT = "dwarf-with-dsym";
				ENABLE_STRICT_OBJC_MSGSEND = YES;
				GCC_C_LANGUAGE_STANDARD = gnu99;
				GCC_DYNAMIC_NO_PIC = NO;
				GCC_NO_COMMON_BLOCKS = YES;
				GCC_OPTIMIZATION_LEVEL = 0;
				GCC_PREPROCESSOR_DEFINITIONS = (
					"DEBUG=1",
					"$(inherited)",
				);
				GCC_SYMBOLS_PRIVATE_EXTERN = NO;
				GCC_WARN_64_TO_32_BIT_CONVERSION = YES;
				GCC_WARN_ABOUT_RETURN_TYPE = YES_ERROR;
				GCC_WARN_UNDECLARED_SELECTOR = YES;
				GCC_WARN_UNINITIALIZED_AUTOS = YES_AGGRESSIVE;
				GCC_WARN_UNUSED_FUNCTION = YES;
				GCC_WARN_UNUSED_VARIABLE = YES;
				IPHONEOS_DEPLOYMENT_TARGET = 8.3;
				MTL_ENABLE_DEBUG_INFO = YES;
				ONLY_ACTIVE_ARCH = YES;
				SDKROOT = iphoneos;
			};
			name = Debug;
		};
		B1E2578B1B3B484A00CAD82F /* Release */ = {
			isa = XCBuildConfiguration;
			buildSettings = {
				ALWAYS_SEARCH_USER_PATHS = NO;
				CLANG_CXX_LANGUAGE_STANDARD = "gnu++0x";
				CLANG_CXX_LIBRARY = "libc++";
				CLANG_ENABLE_MODULES = YES;
				CLANG_ENABLE_OBJC_ARC = YES;
				CLANG_WARN_BOOL_CONVERSION = YES;
				CLANG_WARN_CONSTANT_CONVERSION = YES;
				CLANG_WARN_DIRECT_OBJC_ISA_USAGE = YES_ERROR;
				CLANG_WARN_EMPTY_BODY = YES;
				CLANG_WARN_ENUM_CONVERSION = YES;
				CLANG_WARN_INT_CONVERSION = YES;
				CLANG_WARN_OBJC_ROOT_CLASS = YES_ERROR;
				CLANG_WARN_UNREACHABLE_CODE = YES;
				CLANG_WARN__DUPLICATE_METHOD_MATCH = YES;
				"CODE_SIGN_IDENTITY[sdk=iphoneos*]" = "iPhone Developer";
				COPY_PHASE_STRIP = NO;
				DEBUG_INFORMATION_FORMAT = "dwarf-with-dsym";
				ENABLE_NS_ASSERTIONS = NO;
				ENABLE_STRICT_OBJC_MSGSEND = YES;
				GCC_C_LANGUAGE_STANDARD = gnu99;
				GCC_NO_COMMON_BLOCKS = YES;
				GCC_WARN_64_TO_32_BIT_CONVERSION = YES;
				GCC_WARN_ABOUT_RETURN_TYPE = YES_ERROR;
				GCC_WARN_UNDECLARED_SELECTOR = YES;
				GCC_WARN_UNINITIALIZED_AUTOS = YES_AGGRESSIVE;
				GCC_WARN_UNUSED_FUNCTION = YES;
				GCC_WARN_UNUSED_VARIABLE = YES;
				IPHONEOS_DEPLOYMENT_TARGET = 8.3;
				MTL_ENABLE_DEBUG_INFO = NO;
				SDKROOT = iphoneos;
				VALIDATE_PRODUCT = YES;
			};
			name = Release;
		};
		B1E2578D1B3B484A00CAD82F /* Debug */ = {
			isa = XCBuildConfiguration;
			baseConfigurationReference = 740748E235B1B0863268F85F /* Pods.debug.xcconfig */;
			buildSettings = {
				ASSETCATALOG_COMPILER_APPICON_NAME = AppIcon;
				INFOPLIST_FILE = Yelp/Info.plist;
				LD_RUNPATH_SEARCH_PATHS = "$(inherited) @executable_path/Frameworks";
				PRODUCT_NAME = "$(TARGET_NAME)";
			};
			name = Debug;
		};
		B1E2578E1B3B484A00CAD82F /* Release */ = {
			isa = XCBuildConfiguration;
			baseConfigurationReference = 336E40EDE11689C055E90714 /* Pods.release.xcconfig */;
			buildSettings = {
				ASSETCATALOG_COMPILER_APPICON_NAME = AppIcon;
				INFOPLIST_FILE = Yelp/Info.plist;
				LD_RUNPATH_SEARCH_PATHS = "$(inherited) @executable_path/Frameworks";
				PRODUCT_NAME = "$(TARGET_NAME)";
			};
			name = Release;
		};
		B1E257901B3B484A00CAD82F /* Debug */ = {
			isa = XCBuildConfiguration;
			buildSettings = {
				BUNDLE_LOADER = "$(TEST_HOST)";
				FRAMEWORK_SEARCH_PATHS = (
					"$(SDKROOT)/Developer/Library/Frameworks",
					"$(inherited)",
				);
				GCC_PREPROCESSOR_DEFINITIONS = (
					"DEBUG=1",
					"$(inherited)",
				);
				INFOPLIST_FILE = YelpTests/Info.plist;
				LD_RUNPATH_SEARCH_PATHS = "$(inherited) @executable_path/Frameworks @loader_path/Frameworks";
				PRODUCT_NAME = "$(TARGET_NAME)";
				TEST_HOST = "$(BUILT_PRODUCTS_DIR)/Yelp.app/Yelp";
			};
			name = Debug;
		};
		B1E257911B3B484A00CAD82F /* Release */ = {
			isa = XCBuildConfiguration;
			buildSettings = {
				BUNDLE_LOADER = "$(TEST_HOST)";
				FRAMEWORK_SEARCH_PATHS = (
					"$(SDKROOT)/Developer/Library/Frameworks",
					"$(inherited)",
				);
				INFOPLIST_FILE = YelpTests/Info.plist;
				LD_RUNPATH_SEARCH_PATHS = "$(inherited) @executable_path/Frameworks @loader_path/Frameworks";
				PRODUCT_NAME = "$(TARGET_NAME)";
				TEST_HOST = "$(BUILT_PRODUCTS_DIR)/Yelp.app/Yelp";
			};
			name = Release;
		};
/* End XCBuildConfiguration section */

/* Begin XCConfigurationList section */
		B1E257641B3B484900CAD82F /* Build configuration list for PBXProject "Yelp" */ = {
			isa = XCConfigurationList;
			buildConfigurations = (
				B1E2578A1B3B484A00CAD82F /* Debug */,
				B1E2578B1B3B484A00CAD82F /* Release */,
			);
			defaultConfigurationIsVisible = 0;
			defaultConfigurationName = Release;
		};
		B1E2578C1B3B484A00CAD82F /* Build configuration list for PBXNativeTarget "Yelp" */ = {
			isa = XCConfigurationList;
			buildConfigurations = (
				B1E2578D1B3B484A00CAD82F /* Debug */,
				B1E2578E1B3B484A00CAD82F /* Release */,
			);
			defaultConfigurationIsVisible = 0;
			defaultConfigurationName = Release;
		};
		B1E2578F1B3B484A00CAD82F /* Build configuration list for PBXNativeTarget "YelpTests" */ = {
			isa = XCConfigurationList;
			buildConfigurations = (
				B1E257901B3B484A00CAD82F /* Debug */,
				B1E257911B3B484A00CAD82F /* Release */,
			);
			defaultConfigurationIsVisible = 0;
			defaultConfigurationName = Release;
		};
/* End XCConfigurationList section */
	};
	rootObject = B1E257611B3B484900CAD82F /* Project object */;
}
